// !$*UTF8*$!
{
	archiveVersion = 1;
	classes = {
	};
	objectVersion = 46;
	objects = {

/* Begin PBXBuildFile section */
		63580F2C19C8F56E00740D3E /* main.m in Sources */ = {isa = PBXBuildFile; fileRef = 63580F2B19C8F56E00740D3E /* main.m */; };
		63580F2F19C8F56E00740D3E /* AppDelegate.m in Sources */ = {isa = PBXBuildFile; fileRef = 63580F2E19C8F56E00740D3E /* AppDelegate.m */; };
		63580F3219C8F56E00740D3E /* ViewController.m in Sources */ = {isa = PBXBuildFile; fileRef = 63580F3119C8F56E00740D3E /* ViewController.m */; };
		63580F3519C8F56E00740D3E /* Main.storyboard in Resources */ = {isa = PBXBuildFile; fileRef = 63580F3319C8F56E00740D3E /* Main.storyboard */; };
		63580F3719C8F56E00740D3E /* Images.xcassets in Resources */ = {isa = PBXBuildFile; fileRef = 63580F3619C8F56E00740D3E /* Images.xcassets */; };
		63580F3A19C8F56E00740D3E /* LaunchScreen.xib in Resources */ = {isa = PBXBuildFile; fileRef = 63580F3819C8F56E00740D3E /* LaunchScreen.xib */; };
		63580F4619C8F56E00740D3E /* World_TravelerTests.m in Sources */ = {isa = PBXBuildFile; fileRef = 63580F4519C8F56E00740D3E /* World_TravelerTests.m */; };
/* End PBXBuildFile section */

/* Begin PBXContainerItemProxy section */
		63580F4019C8F56E00740D3E /* PBXContainerItemProxy */ = {
			isa = PBXContainerItemProxy;
			containerPortal = 63580F1E19C8F56E00740D3E /* Project object */;
			proxyType = 1;
			remoteGlobalIDString = 63580F2519C8F56E00740D3E;
			remoteInfo = "World Traveler";
		};
/* End PBXContainerItemProxy section */

/* Begin PBXFileReference section */
		63580F2619C8F56E00740D3E /* World Traveler.app */ = {isa = PBXFileReference; explicitFileType = wrapper.application; includeInIndex = 0; path = "World Traveler.app"; sourceTree = BUILT_PRODUCTS_DIR; };
		63580F2A19C8F56E00740D3E /* Info.plist */ = {isa = PBXFileReference; lastKnownFileType = text.plist.xml; path = Info.plist; sourceTree = "<group>"; };
		63580F2B19C8F56E00740D3E /* main.m */ = {isa = PBXFileReference; lastKnownFileType = sourcecode.c.objc; path = main.m; sourceTree = "<group>"; };
		63580F2D19C8F56E00740D3E /* AppDelegate.h */ = {isa = PBXFileReference; lastKnownFileType = sourcecode.c.h; path = AppDelegate.h; sourceTree = "<group>"; };
		63580F2E19C8F56E00740D3E /* AppDelegate.m */ = {isa = PBXFileReference; lastKnownFileType = sourcecode.c.objc; path = AppDelegate.m; sourceTree = "<group>"; };
		63580F3019C8F56E00740D3E /* ViewController.h */ = {isa = PBXFileReference; lastKnownFileType = sourcecode.c.h; path = ViewController.h; sourceTree = "<group>"; };
		63580F3119C8F56E00740D3E /* ViewController.m */ = {isa = PBXFileReference; lastKnownFileType = sourcecode.c.objc; path = ViewController.m; sourceTree = "<group>"; };
		63580F3419C8F56E00740D3E /* Base */ = {isa = PBXFileReference; lastKnownFileType = file.storyboard; name = Base; path = Base.lproj/Main.storyboard; sourceTree = "<group>"; };
		63580F3619C8F56E00740D3E /* Images.xcassets */ = {isa = PBXFileReference; lastKnownFileType = folder.assetcatalog; path = Images.xcassets; sourceTree = "<group>"; };
		63580F3919C8F56E00740D3E /* Base */ = {isa = PBXFileReference; lastKnownFileType = file.xib; name = Base; path = Base.lproj/LaunchScreen.xib; sourceTree = "<group>"; };
		63580F3F19C8F56E00740D3E /* World TravelerTests.xctest */ = {isa = PBXFileReference; explicitFileType = wrapper.cfbundle; includeInIndex = 0; path = "World TravelerTests.xctest"; sourceTree = BUILT_PRODUCTS_DIR; };
		63580F4419C8F56E00740D3E /* Info.plist */ = {isa = PBXFileReference; lastKnownFileType = text.plist.xml; path = Info.plist; sourceTree = "<group>"; };
		63580F4519C8F56E00740D3E /* World_TravelerTests.m */ = {isa = PBXFileReference; lastKnownFileType = sourcecode.c.objc; path = World_TravelerTests.m; sourceTree = "<group>"; };
/* End PBXFileReference section */

/* Begin PBXFrameworksBuildPhase section */
		63580F2319C8F56E00740D3E /* Frameworks */ = {
			isa = PBXFrameworksBuildPhase;
			buildActionMask = 2147483647;
			files = (
			);
			runOnlyForDeploymentPostprocessing = 0;
		};
		63580F3C19C8F56E00740D3E /* Frameworks */ = {
			isa = PBXFrameworksBuildPhase;
			buildActionMask = 2147483647;
			files = (
			);
			runOnlyForDeploymentPostprocessing = 0;
		};
/* End PBXFrameworksBuildPhase section */

/* Begin PBXGroup section */
		63580F1D19C8F56E00740D3E = {
			isa = PBXGroup;
			children = (
				63580F2819C8F56E00740D3E /* World Traveler */,
				63580F4219C8F56E00740D3E /* World TravelerTests */,
				63580F2719C8F56E00740D3E /* Products */,
			);
			sourceTree = "<group>";
		};
		63580F2719C8F56E00740D3E /* Products */ = {
			isa = PBXGroup;
			children = (
				63580F2619C8F56E00740D3E /* World Traveler.app */,
				63580F3F19C8F56E00740D3E /* World TravelerTests.xctest */,
			);
			name = Products;
			sourceTree = "<group>";
		};
		63580F2819C8F56E00740D3E /* World Traveler */ = {
			isa = PBXGroup;
			children = (
				63580F2D19C8F56E00740D3E /* AppDelegate.h */,
				63580F2E19C8F56E00740D3E /* AppDelegate.m */,
				63580F3019C8F56E00740D3E /* ViewController.h */,
				63580F3119C8F56E00740D3E /* ViewController.m */,
				63580F3319C8F56E00740D3E /* Main.storyboard */,
				63580F3619C8F56E00740D3E /* Images.xcassets */,
				63580F3819C8F56E00740D3E /* LaunchScreen.xib */,
				63580F2919C8F56E00740D3E /* Supporting Files */,
			);
			path = "World Traveler";
			sourceTree = "<group>";
		};
		63580F2919C8F56E00740D3E /* Supporting Files */ = {
			isa = PBXGroup;
			children = (
				63580F2A19C8F56E00740D3E /* Info.plist */,
				63580F2B19C8F56E00740D3E /* main.m */,
			);
			name = "Supporting Files";
			sourceTree = "<group>";
		};
		63580F4219C8F56E00740D3E /* World TravelerTests */ = {
			isa = PBXGroup;
			children = (
				63580F4519C8F56E00740D3E /* World_TravelerTests.m */,
				63580F4319C8F56E00740D3E /* Supporting Files */,
			);
			path = "World TravelerTests";
			sourceTree = "<group>";
		};
		63580F4319C8F56E00740D3E /* Supporting Files */ = {
			isa = PBXGroup;
			children = (
				63580F4419C8F56E00740D3E /* Info.plist */,
			);
			name = "Supporting Files";
			sourceTree = "<group>";
		};
/* End PBXGroup section */

/* Begin PBXNativeTarget section */
		63580F2519C8F56E00740D3E /* World Traveler */ = {
			isa = PBXNativeTarget;
			buildConfigurationList = 63580F4919C8F56E00740D3E /* Build configuration list for PBXNativeTarget "World Traveler" */;
			buildPhases = (
				63580F2219C8F56E00740D3E /* Sources */,
				63580F2319C8F56E00740D3E /* Frameworks */,
				63580F2419C8F56E00740D3E /* Resources */,
			);
			buildRules = (
			);
			dependencies = (
			);
			name = "World Traveler";
			productName = "World Traveler";
			productReference = 63580F2619C8F56E00740D3E /* World Traveler.app */;
			productType = "com.apple.product-type.application";
		};
		63580F3E19C8F56E00740D3E /* World TravelerTests */ = {
			isa = PBXNativeTarget;
			buildConfigurationList = 63580F4C19C8F56E00740D3E /* Build configuration list for PBXNativeTarget "World TravelerTests" */;
			buildPhases = (
				63580F3B19C8F56E00740D3E /* Sources */,
				63580F3C19C8F56E00740D3E /* Frameworks */,
				63580F3D19C8F56E00740D3E /* Resources */,
			);
			buildRules = (
			);
			dependencies = (
				63580F4119C8F56E00740D3E /* PBXTargetDependency */,
			);
			name = "World TravelerTests";
			productName = "World TravelerTests";
			productReference = 63580F3F19C8F56E00740D3E /* World TravelerTests.xctest */;
			productType = "com.apple.product-type.bundle.unit-test";
		};
/* End PBXNativeTarget section */

/* Begin PBXProject section */
		63580F1E19C8F56E00740D3E /* Project object */ = {
			isa = PBXProject;
			attributes = {
				LastUpgradeCheck = 0600;
				ORGANIZATIONNAME = "Piri-Piri";
				TargetAttributes = {
					63580F2519C8F56E00740D3E = {
						CreatedOnToolsVersion = 6.0;
					};
					63580F3E19C8F56E00740D3E = {
						CreatedOnToolsVersion = 6.0;
						TestTargetID = 63580F2519C8F56E00740D3E;
					};
				};
			};
			buildConfigurationList = 63580F2119C8F56E00740D3E /* Build configuration list for PBXProject "World Traveler" */;
			compatibilityVersion = "Xcode 3.2";
			developmentRegion = English;
			hasScannedForEncodings = 0;
			knownRegions = (
				en,
				Base,
			);
			mainGroup = 63580F1D19C8F56E00740D3E;
			productRefGroup = 63580F2719C8F56E00740D3E /* Products */;
			projectDirPath = "";
			projectRoot = "";
			targets = (
				63580F2519C8F56E00740D3E /* World Traveler */,
				63580F3E19C8F56E00740D3E /* World TravelerTests */,
			);
		};
/* End PBXProject section */

/* Begin PBXResourcesBuildPhase section */
		63580F2419C8F56E00740D3E /* Resources */ = {
			isa = PBXResourcesBuildPhase;
			buildActionMask = 2147483647;
			files = (
				63580F3519C8F56E00740D3E /* Main.storyboard in Resources */,
				63580F3A19C8F56E00740D3E /* LaunchScreen.xib in Resources */,
				63580F3719C8F56E00740D3E /* Images.xcassets in Resources */,
			);
			runOnlyForDeploymentPostprocessing = 0;
		};
		63580F3D19C8F56E00740D3E /* Resources */ = {
			isa = PBXResourcesBuildPhase;
			buildActionMask = 2147483647;
			files = (
			);
			runOnlyForDeploymentPostprocessing = 0;
		};
/* End PBXResourcesBuildPhase section */

/* Begin PBXSourcesBuildPhase section */
		63580F2219C8F56E00740D3E /* Sources */ = {
			isa = PBXSourcesBuildPhase;
			buildActionMask = 2147483647;
			files = (
				63580F3219C8F56E00740D3E /* ViewController.m in Sources */,
				63580F2F19C8F56E00740D3E /* AppDelegate.m in Sources */,
				63580F2C19C8F56E00740D3E /* main.m in Sources */,
			);
			runOnlyForDeploymentPostprocessing = 0;
		};
		63580F3B19C8F56E00740D3E /* Sources */ = {
			isa = PBXSourcesBuildPhase;
			buildActionMask = 2147483647;
			files = (
				63580F4619C8F56E00740D3E /* World_TravelerTests.m in Sources */,
			);
			runOnlyForDeploymentPostprocessing = 0;
		};
/* End PBXSourcesBuildPhase section */

/* Begin PBXTargetDependency section */
		63580F4119C8F56E00740D3E /* PBXTargetDependency */ = {
			isa = PBXTargetDependency;
			target = 63580F2519C8F56E00740D3E /* World Traveler */;
			targetProxy = 63580F4019C8F56E00740D3E /* PBXContainerItemProxy */;
		};
/* End PBXTargetDependency section */

/* Begin PBXVariantGroup section */
		63580F3319C8F56E00740D3E /* Main.storyboard */ = {
			isa = PBXVariantGroup;
			children = (
				63580F3419C8F56E00740D3E /* Base */,
			);
			name = Main.storyboard;
			sourceTree = "<group>";
		};
		63580F3819C8F56E00740D3E /* LaunchScreen.xib */ = {
			isa = PBXVariantGroup;
			children = (
				63580F3919C8F56E00740D3E /* Base */,
			);
			name = LaunchScreen.xib;
			sourceTree = "<group>";
		};
/* End PBXVariantGroup section */

/* Begin XCBuildConfiguration section */
		63580F4719C8F56E00740D3E /* Debug */ = {
			isa = XCBuildConfiguration;
			buildSettings = {
				ALWAYS_SEARCH_USER_PATHS = NO;
				CLANG_CXX_LANGUAGE_STANDARD = "gnu++0x";
				CLANG_CXX_LIBRARY = "libc++";
				CLANG_ENABLE_MODULES = YES;
				CLANG_ENABLE_OBJC_ARC = YES;
				CLANG_WARN_BOOL_CONVERSION = YES;
				CLANG_WARN_CONSTANT_CONVERSION = YES;
				CLANG_WARN_DIRECT_OBJC_ISA_USAGE = YES_ERROR;
				CLANG_WARN_EMPTY_BODY = YES;
				CLANG_WARN_ENUM_CONVERSION = YES;
				CLANG_WARN_INT_CONVERSION = YES;
				CLANG_WARN_OBJC_ROOT_CLASS = YES_ERROR;
				CLANG_WARN_UNREACHABLE_CODE = YES;
				CLANG_WARN__DUPLICATE_METHOD_MATCH = YES;
				"CODE_SIGN_IDENTITY[sdk=iphoneos*]" = "iPhone Developer";
				COPY_PHASE_STRIP = NO;
				ENABLE_STRICT_OBJC_MSGSEND = YES;
				GCC_C_LANGUAGE_STANDARD = gnu99;
				GCC_DYNAMIC_NO_PIC = NO;
				GCC_OPTIMIZATION_LEVEL = 0;
				GCC_PREPROCESSOR_DEFINITIONS = (
					"DEBUG=1",
					"$(inherited)",
				);
				GCC_SYMBOLS_PRIVATE_EXTERN = NO;
				GCC_WARN_64_TO_32_BIT_CONVERSION = YES;
				GCC_WARN_ABOUT_RETURN_TYPE = YES_ERROR;
				GCC_WARN_UNDECLARED_SELECTOR = YES;
				GCC_WARN_UNINITIALIZED_AUTOS = YES_AGGRESSIVE;
				GCC_WARN_UNUSED_FUNCTION = YES;
				GCC_WARN_UNUSED_VARIABLE = YES;
				IPHONEOS_DEPLOYMENT_TARGET = 8.0;
				MTL_ENABLE_DEBUG_INFO = YES;
				ONLY_ACTIVE_ARCH = YES;
				SDKROOT = iphoneos;
			};
			name = Debug;
		};
		63580F4819C8F56E00740D3E /* Release */ = {
			isa = XCBuildConfiguration;
			buildSettings = {
				ALWAYS_SEARCH_USER_PATHS = NO;
				CLANG_CXX_LANGUAGE_STANDARD = "gnu++0x";
				CLANG_CXX_LIBRARY = "libc++";
				CLANG_ENABLE_MODULES = YES;
				CLANG_ENABLE_OBJC_ARC = YES;
				CLANG_WARN_BOOL_CONVERSION = YES;
				CLANG_WARN_CONSTANT_CONVERSION = YES;
				CLANG_WARN_DIRECT_OBJC_ISA_USAGE = YES_ERROR;
				CLANG_WARN_EMPTY_BODY = YES;
				CLANG_WARN_ENUM_CONVERSION = YES;
				CLANG_WARN_INT_CONVERSION = YES;
				CLANG_WARN_OBJC_ROOT_CLASS = YES_ERROR;
				CLANG_WARN_UNREACHABLE_CODE = YES;
				CLANG_WARN__DUPLICATE_METHOD_MATCH = YES;
				"CODE_SIGN_IDENTITY[sdk=iphoneos*]" = "iPhone Developer";
				COPY_PHASE_STRIP = YES;
				ENABLE_NS_ASSERTIONS = NO;
				ENABLE_STRICT_OBJC_MSGSEND = YES;
				GCC_C_LANGUAGE_STANDARD = gnu99;
				GCC_WARN_64_TO_32_BIT_CONVERSION = YES;
				GCC_WARN_ABOUT_RETURN_TYPE = YES_ERROR;
				GCC_WARN_UNDECLARED_SELECTOR = YES;
				GCC_WARN_UNINITIALIZED_AUTOS = YES_AGGRESSIVE;
				GCC_WARN_UNUSED_FUNCTION = YES;
				GCC_WARN_UNUSED_VARIABLE = YES;
				IPHONEOS_DEPLOYMENT_TARGET = 8.0;
				MTL_ENABLE_DEBUG_INFO = NO;
				SDKROOT = iphoneos;
				VALIDATE_PRODUCT = YES;
			};
			name = Release;
		};
		63580F4A19C8F56E00740D3E /* Debug */ = {
			isa = XCBuildConfiguration;
			buildSettings = {
				ASSETCATALOG_COMPILER_APPICON_NAME = AppIcon;
				INFOPLIST_FILE = "World Traveler/Info.plist";
				LD_RUNPATH_SEARCH_PATHS = "$(inherited) @executable_path/Frameworks";
				PRODUCT_NAME = "$(TARGET_NAME)";
			};
			name = Debug;
		};
		63580F4B19C8F56E00740D3E /* Release */ = {
			isa = XCBuildConfiguration;
			buildSettings = {
				ASSETCATALOG_COMPILER_APPICON_NAME = AppIcon;
				INFOPLIST_FILE = "World Traveler/Info.plist";
				LD_RUNPATH_SEARCH_PATHS = "$(inherited) @executable_path/Frameworks";
				PRODUCT_NAME = "$(TARGET_NAME)";
			};
			name = Release;
		};
		63580F4D19C8F56E00740D3E /* Debug */ = {
			isa = XCBuildConfiguration;
			buildSettings = {
				BUNDLE_LOADER = "$(TEST_HOST)";
				FRAMEWORK_SEARCH_PATHS = (
					"$(SDKROOT)/Developer/Library/Frameworks",
					"$(inherited)",
				);
				GCC_PREPROCESSOR_DEFINITIONS = (
					"DEBUG=1",
					"$(inherited)",
				);
				INFOPLIST_FILE = "World TravelerTests/Info.plist";
				LD_RUNPATH_SEARCH_PATHS = "$(inherited) @executable_path/Frameworks @loader_path/Frameworks";
				PRODUCT_NAME = "$(TARGET_NAME)";
				TEST_HOST = "$(BUILT_PRODUCTS_DIR)/World Traveler.app/World Traveler";
			};
			name = Debug;
		};
		63580F4E19C8F56E00740D3E /* Release */ = {
			isa = XCBuildConfiguration;
			buildSettings = {
				BUNDLE_LOADER = "$(TEST_HOST)";
				FRAMEWORK_SEARCH_PATHS = (
					"$(SDKROOT)/Developer/Library/Frameworks",
					"$(inherited)",
				);
				INFOPLIST_FILE = "World TravelerTests/Info.plist";
				LD_RUNPATH_SEARCH_PATHS = "$(inherited) @executable_path/Frameworks @loader_path/Frameworks";
				PRODUCT_NAME = "$(TARGET_NAME)";
				TEST_HOST = "$(BUILT_PRODUCTS_DIR)/World Traveler.app/World Traveler";
			};
			name = Release;
		};
/* End XCBuildConfiguration section */

/* Begin XCConfigurationList section */
		63580F2119C8F56E00740D3E /* Build configuration list for PBXProject "World Traveler" */ = {
			isa = XCConfigurationList;
			buildConfigurations = (
				63580F4719C8F56E00740D3E /* Debug */,
				63580F4819C8F56E00740D3E /* Release */,
			);
			defaultConfigurationIsVisible = 0;
			defaultConfigurationName = Release;
		};
		63580F4919C8F56E00740D3E /* Build configuration list for PBXNativeTarget "World Traveler" */ = {
			isa = XCConfigurationList;
			buildConfigurations = (
				63580F4A19C8F56E00740D3E /* Debug */,
				63580F4B19C8F56E00740D3E /* Release */,
			);
			defaultConfigurationIsVisible = 0;
		};
		63580F4C19C8F56E00740D3E /* Build configuration list for PBXNativeTarget "World TravelerTests" */ = {
			isa = XCConfigurationList;
			buildConfigurations = (
				63580F4D19C8F56E00740D3E /* Debug */,
				63580F4E19C8F56E00740D3E /* Release */,
			);
			defaultConfigurationIsVisible = 0;
		};
/* End XCConfigurationList section */
	};
	rootObject = 63580F1E19C8F56E00740D3E /* Project object */;
}
