// !$*UTF8*$!
{
	archiveVersion = 1;
	classes = {
	};
	objectVersion = 46;
	objects = {

/* Begin PBXBuildFile section */
		63580F2C19C8F56E00740D3E /* main.m in Sources */ = {isa = PBXBuildFile; fileRef = 63580F2B19C8F56E00740D3E /* main.m */; };
		63580F2F19C8F56E00740D3E /* AppDelegate.m in Sources */ = {isa = PBXBuildFile; fileRef = 63580F2E19C8F56E00740D3E /* AppDelegate.m */; };
		63580F3519C8F56E00740D3E /* Main.storyboard in Resources */ = {isa = PBXBuildFile; fileRef = 63580F3319C8F56E00740D3E /* Main.storyboard */; };
		63580F3719C8F56E00740D3E /* Images.xcassets in Resources */ = {isa = PBXBuildFile; fileRef = 63580F3619C8F56E00740D3E /* Images.xcassets */; };
		63580F4619C8F56E00740D3E /* World_TravelerTests.m in Sources */ = {isa = PBXBuildFile; fileRef = 63580F4519C8F56E00740D3E /* World_TravelerTests.m */; };
		63580F6619C8F66900740D3E /* Contact.m in Sources */ = {isa = PBXBuildFile; fileRef = 63580F5319C8F66900740D3E /* Contact.m */; };
		63580F6719C8F66900740D3E /* FSCategory.m in Sources */ = {isa = PBXBuildFile; fileRef = 63580F5519C8F66900740D3E /* FSCategory.m */; };
		63580F6819C8F66900740D3E /* Location.m in Sources */ = {isa = PBXBuildFile; fileRef = 63580F5719C8F66900740D3E /* Location.m */; };
		63580F6919C8F66900740D3E /* Menu.m in Sources */ = {isa = PBXBuildFile; fileRef = 63580F5919C8F66900740D3E /* Menu.m */; };
		63580F6A19C8F66900740D3E /* PPFourSquareSessionManager.m in Sources */ = {isa = PBXBuildFile; fileRef = 63580F5B19C8F66900740D3E /* PPFourSquareSessionManager.m */; };
		63580F6B19C8F66900740D3E /* PPListViewController.m in Sources */ = {isa = PBXBuildFile; fileRef = 63580F5D19C8F66900740D3E /* PPListViewController.m */; };
		63580F6C19C8F66900740D3E /* PPMapViewController.m in Sources */ = {isa = PBXBuildFile; fileRef = 63580F5F19C8F66900740D3E /* PPMapViewController.m */; };
		63580F6D19C8F66900740D3E /* PPRecord.m in Sources */ = {isa = PBXBuildFile; fileRef = 63580F6119C8F66900740D3E /* PPRecord.m */; };
		63580F6E19C8F66900740D3E /* Venue.m in Sources */ = {isa = PBXBuildFile; fileRef = 63580F6319C8F66900740D3E /* Venue.m */; };
		63580F6F19C8F66900740D3E /* WorldTravelerModel.xcdatamodeld in Sources */ = {isa = PBXBuildFile; fileRef = 63580F6419C8F66900740D3E /* WorldTravelerModel.xcdatamodeld */; };
		63580F8119C8F91700740D3E /* AFMMRecordResponseSerializationMapper.m in Sources */ = {isa = PBXBuildFile; fileRef = 63580F7E19C8F91700740D3E /* AFMMRecordResponseSerializationMapper.m */; };
		63580F8219C8F91700740D3E /* AFMMRecordResponseSerializer.m in Sources */ = {isa = PBXBuildFile; fileRef = 63580F8019C8F91700740D3E /* AFMMRecordResponseSerializer.m */; };
		63580F8419C8F95900740D3E /* MapKit.framework in Frameworks */ = {isa = PBXBuildFile; fileRef = 63580F8319C8F95900740D3E /* MapKit.framework */; };
		63580F8619C8F96000740D3E /* CoreData.framework in Frameworks */ = {isa = PBXBuildFile; fileRef = 63580F8519C8F96000740D3E /* CoreData.framework */; };
		63580F8819C8F99900740D3E /* CoreGraphics.framework in Frameworks */ = {isa = PBXBuildFile; fileRef = 63580F8719C8F99900740D3E /* CoreGraphics.framework */; };
		63580F8A19C8F9D200740D3E /* Foundation.framework in Frameworks */ = {isa = PBXBuildFile; fileRef = 63580F8919C8F9D200740D3E /* Foundation.framework */; };
		63580F8C19C8FA1200740D3E /* UIKit.framework in Frameworks */ = {isa = PBXBuildFile; fileRef = 63580F8B19C8FA1200740D3E /* UIKit.framework */; };
		63DBD40519C9A7D700610770 /* CoreLocation.framework in Frameworks */ = {isa = PBXBuildFile; fileRef = 63DBD40419C9A7D700610770 /* CoreLocation.framework */; };
		CB88D83CDEC543AC80B2157F /* libPods.a in Frameworks */ = {isa = PBXBuildFile; fileRef = 7E18DF82E4AF400CADD649A9 /* libPods.a */; };
/* End PBXBuildFile section */

/* Begin PBXContainerItemProxy section */
		63580F4019C8F56E00740D3E /* PBXContainerItemProxy */ = {
			isa = PBXContainerItemProxy;
			containerPortal = 63580F1E19C8F56E00740D3E /* Project object */;
			proxyType = 1;
			remoteGlobalIDString = 63580F2519C8F56E00740D3E;
			remoteInfo = "World Traveler";
		};
/* End PBXContainerItemProxy section */

/* Begin PBXFileReference section */
		2169560723DA4E03B1EEF328 /* Pods.xcconfig */ = {isa = PBXFileReference; includeInIndex = 1; lastKnownFileType = text.xcconfig; name = Pods.xcconfig; path = Pods/Pods.xcconfig; sourceTree = "<group>"; };
		63580F2619C8F56E00740D3E /* World Traveler.app */ = {isa = PBXFileReference; explicitFileType = wrapper.application; includeInIndex = 0; path = "World Traveler.app"; sourceTree = BUILT_PRODUCTS_DIR; };
		63580F2A19C8F56E00740D3E /* Info.plist */ = {isa = PBXFileReference; lastKnownFileType = text.plist.xml; path = Info.plist; sourceTree = "<group>"; };
		63580F2B19C8F56E00740D3E /* main.m */ = {isa = PBXFileReference; lastKnownFileType = sourcecode.c.objc; path = main.m; sourceTree = "<group>"; };
		63580F2D19C8F56E00740D3E /* AppDelegate.h */ = {isa = PBXFileReference; lastKnownFileType = sourcecode.c.h; path = AppDelegate.h; sourceTree = "<group>"; };
		63580F2E19C8F56E00740D3E /* AppDelegate.m */ = {isa = PBXFileReference; lastKnownFileType = sourcecode.c.objc; path = AppDelegate.m; sourceTree = "<group>"; };
		63580F3419C8F56E00740D3E /* Base */ = {isa = PBXFileReference; lastKnownFileType = file.storyboard; name = Base; path = Base.lproj/Main.storyboard; sourceTree = "<group>"; };
		63580F3619C8F56E00740D3E /* Images.xcassets */ = {isa = PBXFileReference; lastKnownFileType = folder.assetcatalog; path = Images.xcassets; sourceTree = "<group>"; };
		63580F3F19C8F56E00740D3E /* World TravelerTests.xctest */ = {isa = PBXFileReference; explicitFileType = wrapper.cfbundle; includeInIndex = 0; path = "World TravelerTests.xctest"; sourceTree = BUILT_PRODUCTS_DIR; };
		63580F4419C8F56E00740D3E /* Info.plist */ = {isa = PBXFileReference; lastKnownFileType = text.plist.xml; path = Info.plist; sourceTree = "<group>"; };
		63580F4519C8F56E00740D3E /* World_TravelerTests.m */ = {isa = PBXFileReference; lastKnownFileType = sourcecode.c.objc; path = World_TravelerTests.m; sourceTree = "<group>"; };
		63580F5119C8F64500740D3E /* World Traveler-Prefix.pch */ = {isa = PBXFileReference; fileEncoding = 4; lastKnownFileType = sourcecode.c.h; path = "World Traveler-Prefix.pch"; sourceTree = "<group>"; };
		63580F5219C8F66900740D3E /* Contact.h */ = {isa = PBXFileReference; fileEncoding = 4; lastKnownFileType = sourcecode.c.h; path = Contact.h; sourceTree = "<group>"; };
		63580F5319C8F66900740D3E /* Contact.m */ = {isa = PBXFileReference; fileEncoding = 4; lastKnownFileType = sourcecode.c.objc; path = Contact.m; sourceTree = "<group>"; };
		63580F5419C8F66900740D3E /* FSCategory.h */ = {isa = PBXFileReference; fileEncoding = 4; lastKnownFileType = sourcecode.c.h; path = FSCategory.h; sourceTree = "<group>"; };
		63580F5519C8F66900740D3E /* FSCategory.m */ = {isa = PBXFileReference; fileEncoding = 4; lastKnownFileType = sourcecode.c.objc; path = FSCategory.m; sourceTree = "<group>"; };
		63580F5619C8F66900740D3E /* Location.h */ = {isa = PBXFileReference; fileEncoding = 4; lastKnownFileType = sourcecode.c.h; path = Location.h; sourceTree = "<group>"; };
		63580F5719C8F66900740D3E /* Location.m */ = {isa = PBXFileReference; fileEncoding = 4; lastKnownFileType = sourcecode.c.objc; path = Location.m; sourceTree = "<group>"; };
		63580F5819C8F66900740D3E /* Menu.h */ = {isa = PBXFileReference; fileEncoding = 4; lastKnownFileType = sourcecode.c.h; path = Menu.h; sourceTree = "<group>"; };
		63580F5919C8F66900740D3E /* Menu.m */ = {isa = PBXFileReference; fileEncoding = 4; lastKnownFileType = sourcecode.c.objc; path = Menu.m; sourceTree = "<group>"; };
		63580F5A19C8F66900740D3E /* PPFourSquareSessionManager.h */ = {isa = PBXFileReference; fileEncoding = 4; lastKnownFileType = sourcecode.c.h; path = PPFourSquareSessionManager.h; sourceTree = "<group>"; };
		63580F5B19C8F66900740D3E /* PPFourSquareSessionManager.m */ = {isa = PBXFileReference; fileEncoding = 4; lastKnownFileType = sourcecode.c.objc; path = PPFourSquareSessionManager.m; sourceTree = "<group>"; };
		63580F5C19C8F66900740D3E /* PPListViewController.h */ = {isa = PBXFileReference; fileEncoding = 4; lastKnownFileType = sourcecode.c.h; path = PPListViewController.h; sourceTree = "<group>"; };
		63580F5D19C8F66900740D3E /* PPListViewController.m */ = {isa = PBXFileReference; fileEncoding = 4; lastKnownFileType = sourcecode.c.objc; path = PPListViewController.m; sourceTree = "<group>"; };
		63580F5E19C8F66900740D3E /* PPMapViewController.h */ = {isa = PBXFileReference; fileEncoding = 4; lastKnownFileType = sourcecode.c.h; path = PPMapViewController.h; sourceTree = "<group>"; };
		63580F5F19C8F66900740D3E /* PPMapViewController.m */ = {isa = PBXFileReference; fileEncoding = 4; lastKnownFileType = sourcecode.c.objc; path = PPMapViewController.m; sourceTree = "<group>"; };
		63580F6019C8F66900740D3E /* PPRecord.h */ = {isa = PBXFileReference; fileEncoding = 4; lastKnownFileType = sourcecode.c.h; path = PPRecord.h; sourceTree = "<group>"; };
		63580F6119C8F66900740D3E /* PPRecord.m */ = {isa = PBXFileReference; fileEncoding = 4; lastKnownFileType = sourcecode.c.objc; path = PPRecord.m; sourceTree = "<group>"; };
		63580F6219C8F66900740D3E /* Venue.h */ = {isa = PBXFileReference; fileEncoding = 4; lastKnownFileType = sourcecode.c.h; path = Venue.h; sourceTree = "<group>"; };
		63580F6319C8F66900740D3E /* Venue.m */ = {isa = PBXFileReference; fileEncoding = 4; lastKnownFileType = sourcecode.c.objc; path = Venue.m; sourceTree = "<group>"; };
		63580F6519C8F66900740D3E /* WorldTravelerModel.xcdatamodel */ = {isa = PBXFileReference; lastKnownFileType = wrapper.xcdatamodel; path = WorldTravelerModel.xcdatamodel; sourceTree = "<group>"; };
		63580F7D19C8F91700740D3E /* AFMMRecordResponseSerializationMapper.h */ = {isa = PBXFileReference; fileEncoding = 4; lastKnownFileType = sourcecode.c.h; path = AFMMRecordResponseSerializationMapper.h; sourceTree = "<group>"; };
		63580F7E19C8F91700740D3E /* AFMMRecordResponseSerializationMapper.m */ = {isa = PBXFileReference; fileEncoding = 4; lastKnownFileType = sourcecode.c.objc; path = AFMMRecordResponseSerializationMapper.m; sourceTree = "<group>"; };
		63580F7F19C8F91700740D3E /* AFMMRecordResponseSerializer.h */ = {isa = PBXFileReference; fileEncoding = 4; lastKnownFileType = sourcecode.c.h; path = AFMMRecordResponseSerializer.h; sourceTree = "<group>"; };
		63580F8019C8F91700740D3E /* AFMMRecordResponseSerializer.m */ = {isa = PBXFileReference; fileEncoding = 4; lastKnownFileType = sourcecode.c.objc; path = AFMMRecordResponseSerializer.m; sourceTree = "<group>"; };
		63580F8319C8F95900740D3E /* MapKit.framework */ = {isa = PBXFileReference; lastKnownFileType = wrapper.framework; name = MapKit.framework; path = System/Library/Frameworks/MapKit.framework; sourceTree = SDKROOT; };
		63580F8519C8F96000740D3E /* CoreData.framework */ = {isa = PBXFileReference; lastKnownFileType = wrapper.framework; name = CoreData.framework; path = System/Library/Frameworks/CoreData.framework; sourceTree = SDKROOT; };
		63580F8719C8F99900740D3E /* CoreGraphics.framework */ = {isa = PBXFileReference; lastKnownFileType = wrapper.framework; name = CoreGraphics.framework; path = System/Library/Frameworks/CoreGraphics.framework; sourceTree = SDKROOT; };
		63580F8919C8F9D200740D3E /* Foundation.framework */ = {isa = PBXFileReference; lastKnownFileType = wrapper.framework; name = Foundation.framework; path = System/Library/Frameworks/Foundation.framework; sourceTree = SDKROOT; };
		63580F8B19C8FA1200740D3E /* UIKit.framework */ = {isa = PBXFileReference; lastKnownFileType = wrapper.framework; name = UIKit.framework; path = System/Library/Frameworks/UIKit.framework; sourceTree = SDKROOT; };
		63DBD40419C9A7D700610770 /* CoreLocation.framework */ = {isa = PBXFileReference; lastKnownFileType = wrapper.framework; name = CoreLocation.framework; path = System/Library/Frameworks/CoreLocation.framework; sourceTree = SDKROOT; };
		7E18DF82E4AF400CADD649A9 /* libPods.a */ = {isa = PBXFileReference; explicitFileType = archive.ar; includeInIndex = 0; path = libPods.a; sourceTree = BUILT_PRODUCTS_DIR; };
/* End PBXFileReference section */

/* Begin PBXFrameworksBuildPhase section */
		63580F2319C8F56E00740D3E /* Frameworks */ = {
			isa = PBXFrameworksBuildPhase;
			buildActionMask = 2147483647;
			files = (
				63DBD40519C9A7D700610770 /* CoreLocation.framework in Frameworks */,
				63580F8C19C8FA1200740D3E /* UIKit.framework in Frameworks */,
				63580F8A19C8F9D200740D3E /* Foundation.framework in Frameworks */,
				63580F8819C8F99900740D3E /* CoreGraphics.framework in Frameworks */,
				63580F8619C8F96000740D3E /* CoreData.framework in Frameworks */,
				63580F8419C8F95900740D3E /* MapKit.framework in Frameworks */,
				CB88D83CDEC543AC80B2157F /* libPods.a in Frameworks */,
			);
			runOnlyForDeploymentPostprocessing = 0;
		};
		63580F3C19C8F56E00740D3E /* Frameworks */ = {
			isa = PBXFrameworksBuildPhase;
			buildActionMask = 2147483647;
			files = (
			);
			runOnlyForDeploymentPostprocessing = 0;
		};
/* End PBXFrameworksBuildPhase section */

/* Begin PBXGroup section */
		63580F1D19C8F56E00740D3E = {
			isa = PBXGroup;
			children = (
				63580F2819C8F56E00740D3E /* World Traveler */,
				63580F4219C8F56E00740D3E /* World TravelerTests */,
				63580F7319C8F73100740D3E /* Frameworks */,
				63580F2719C8F56E00740D3E /* Products */,
				2169560723DA4E03B1EEF328 /* Pods.xcconfig */,
			);
			sourceTree = "<group>";
		};
		63580F2719C8F56E00740D3E /* Products */ = {
			isa = PBXGroup;
			children = (
				63580F2619C8F56E00740D3E /* World Traveler.app */,
				63580F3F19C8F56E00740D3E /* World TravelerTests.xctest */,
			);
			name = Products;
			sourceTree = "<group>";
		};
		63580F2819C8F56E00740D3E /* World Traveler */ = {
			isa = PBXGroup;
			children = (
				63580F7119C8F6AA00740D3E /* Initialization */,
				63580F4F19C8F59100740D3E /* Views */,
				63580F7219C8F71000740D3E /* API */,
				63580F5019C8F59B00740D3E /* Model */,
				63580F3619C8F56E00740D3E /* Images.xcassets */,
				63580F2919C8F56E00740D3E /* Supporting Files */,
			);
			path = "World Traveler";
			sourceTree = "<group>";
		};
		63580F2919C8F56E00740D3E /* Supporting Files */ = {
			isa = PBXGroup;
			children = (
				63580F5119C8F64500740D3E /* World Traveler-Prefix.pch */,
				63580F2A19C8F56E00740D3E /* Info.plist */,
				63580F2B19C8F56E00740D3E /* main.m */,
			);
			name = "Supporting Files";
			sourceTree = "<group>";
		};
		63580F4219C8F56E00740D3E /* World TravelerTests */ = {
			isa = PBXGroup;
			children = (
				63580F4519C8F56E00740D3E /* World_TravelerTests.m */,
				63580F4319C8F56E00740D3E /* Supporting Files */,
			);
			path = "World TravelerTests";
			sourceTree = "<group>";
		};
		63580F4319C8F56E00740D3E /* Supporting Files */ = {
			isa = PBXGroup;
			children = (
				63580F4419C8F56E00740D3E /* Info.plist */,
			);
			name = "Supporting Files";
			sourceTree = "<group>";
		};
		63580F4F19C8F59100740D3E /* Views */ = {
			isa = PBXGroup;
			children = (
				63580F5C19C8F66900740D3E /* PPListViewController.h */,
				63580F5D19C8F66900740D3E /* PPListViewController.m */,
				63580F5E19C8F66900740D3E /* PPMapViewController.h */,
				63580F5F19C8F66900740D3E /* PPMapViewController.m */,
			);
			name = Views;
			sourceTree = "<group>";
		};
		63580F5019C8F59B00740D3E /* Model */ = {
			isa = PBXGroup;
			children = (
				63580F7019C8F67C00740D3E /* Model */,
				63580F6419C8F66900740D3E /* WorldTravelerModel.xcdatamodeld */,
			);
			name = Model;
			sourceTree = "<group>";
		};
		63580F7019C8F67C00740D3E /* Model */ = {
			isa = PBXGroup;
			children = (
				63580F6019C8F66900740D3E /* PPRecord.h */,
				63580F6119C8F66900740D3E /* PPRecord.m */,
				63580F6219C8F66900740D3E /* Venue.h */,
				63580F6319C8F66900740D3E /* Venue.m */,
				63580F5219C8F66900740D3E /* Contact.h */,
				63580F5319C8F66900740D3E /* Contact.m */,
				63580F5419C8F66900740D3E /* FSCategory.h */,
				63580F5519C8F66900740D3E /* FSCategory.m */,
				63580F5619C8F66900740D3E /* Location.h */,
				63580F5719C8F66900740D3E /* Location.m */,
				63580F5819C8F66900740D3E /* Menu.h */,
				63580F5919C8F66900740D3E /* Menu.m */,
			);
			name = Model;
			sourceTree = "<group>";
		};
		63580F7119C8F6AA00740D3E /* Initialization */ = {
			isa = PBXGroup;
			children = (
				63580F2D19C8F56E00740D3E /* AppDelegate.h */,
				63580F2E19C8F56E00740D3E /* AppDelegate.m */,
				63580F3319C8F56E00740D3E /* Main.storyboard */,
			);
			name = Initialization;
			sourceTree = "<group>";
		};
		63580F7219C8F71000740D3E /* API */ = {
			isa = PBXGroup;
			children = (
				63580F5A19C8F66900740D3E /* PPFourSquareSessionManager.h */,
				63580F5B19C8F66900740D3E /* PPFourSquareSessionManager.m */,
			);
			name = API;
			sourceTree = "<group>";
		};
		63580F7319C8F73100740D3E /* Frameworks */ = {
			isa = PBXGroup;
			children = (
				63DBD40419C9A7D700610770 /* CoreLocation.framework */,
				63580F7B19C8F90500740D3E /* Vendor */,
				63580F8B19C8FA1200740D3E /* UIKit.framework */,
				63580F8919C8F9D200740D3E /* Foundation.framework */,
				63580F8719C8F99900740D3E /* CoreGraphics.framework */,
				63580F8519C8F96000740D3E /* CoreData.framework */,
				63580F8319C8F95900740D3E /* MapKit.framework */,
				7E18DF82E4AF400CADD649A9 /* libPods.a */,
			);
			name = Frameworks;
			path = "World Traveler";
			sourceTree = "<group>";
		};
		63580F7B19C8F90500740D3E /* Vendor */ = {
			isa = PBXGroup;
			children = (
				63580F7C19C8F91700740D3E /* AFMMRecordResponseSerializer */,
			);
			name = Vendor;
			sourceTree = "<group>";
		};
		63580F7C19C8F91700740D3E /* AFMMRecordResponseSerializer */ = {
			isa = PBXGroup;
			children = (
				63580F7D19C8F91700740D3E /* AFMMRecordResponseSerializationMapper.h */,
				63580F7E19C8F91700740D3E /* AFMMRecordResponseSerializationMapper.m */,
				63580F7F19C8F91700740D3E /* AFMMRecordResponseSerializer.h */,
				63580F8019C8F91700740D3E /* AFMMRecordResponseSerializer.m */,
			);
			path = AFMMRecordResponseSerializer;
			sourceTree = "<group>";
		};
/* End PBXGroup section */

/* Begin PBXNativeTarget section */
		63580F2519C8F56E00740D3E /* World Traveler */ = {
			isa = PBXNativeTarget;
			buildConfigurationList = 63580F4919C8F56E00740D3E /* Build configuration list for PBXNativeTarget "World Traveler" */;
			buildPhases = (
				C51DE89934A04EBE9F3482B2 /* Check Pods Manifest.lock */,
				63580F2219C8F56E00740D3E /* Sources */,
				63580F2319C8F56E00740D3E /* Frameworks */,
				63580F2419C8F56E00740D3E /* Resources */,
				35329430EA744E4DBE3818D7 /* Copy Pods Resources */,
			);
			buildRules = (
			);
			dependencies = (
			);
			name = "World Traveler";
			productName = "World Traveler";
			productReference = 63580F2619C8F56E00740D3E /* World Traveler.app */;
			productType = "com.apple.product-type.application";
		};
		63580F3E19C8F56E00740D3E /* World TravelerTests */ = {
			isa = PBXNativeTarget;
			buildConfigurationList = 63580F4C19C8F56E00740D3E /* Build configuration list for PBXNativeTarget "World TravelerTests" */;
			buildPhases = (
				63580F3B19C8F56E00740D3E /* Sources */,
				63580F3C19C8F56E00740D3E /* Frameworks */,
				63580F3D19C8F56E00740D3E /* Resources */,
			);
			buildRules = (
			);
			dependencies = (
				63580F4119C8F56E00740D3E /* PBXTargetDependency */,
			);
			name = "World TravelerTests";
			productName = "World TravelerTests";
			productReference = 63580F3F19C8F56E00740D3E /* World TravelerTests.xctest */;
			productType = "com.apple.product-type.bundle.unit-test";
		};
/* End PBXNativeTarget section */

/* Begin PBXProject section */
		63580F1E19C8F56E00740D3E /* Project object */ = {
			isa = PBXProject;
			attributes = {
				LastUpgradeCheck = 0600;
				ORGANIZATIONNAME = "Piri-Piri";
				TargetAttributes = {
					63580F2519C8F56E00740D3E = {
						CreatedOnToolsVersion = 6.0;
					};
					63580F3E19C8F56E00740D3E = {
						CreatedOnToolsVersion = 6.0;
						TestTargetID = 63580F2519C8F56E00740D3E;
					};
				};
			};
			buildConfigurationList = 63580F2119C8F56E00740D3E /* Build configuration list for PBXProject "World Traveler" */;
			compatibilityVersion = "Xcode 3.2";
			developmentRegion = English;
			hasScannedForEncodings = 0;
			knownRegions = (
				en,
				Base,
			);
			mainGroup = 63580F1D19C8F56E00740D3E;
			productRefGroup = 63580F2719C8F56E00740D3E /* Products */;
			projectDirPath = "";
			projectRoot = "";
			targets = (
				63580F2519C8F56E00740D3E /* World Traveler */,
				63580F3E19C8F56E00740D3E /* World TravelerTests */,
			);
		};
/* End PBXProject section */

/* Begin PBXResourcesBuildPhase section */
		63580F2419C8F56E00740D3E /* Resources */ = {
			isa = PBXResourcesBuildPhase;
			buildActionMask = 2147483647;
			files = (
				63580F3519C8F56E00740D3E /* Main.storyboard in Resources */,
				63580F3719C8F56E00740D3E /* Images.xcassets in Resources */,
			);
			runOnlyForDeploymentPostprocessing = 0;
		};
		63580F3D19C8F56E00740D3E /* Resources */ = {
			isa = PBXResourcesBuildPhase;
			buildActionMask = 2147483647;
			files = (
			);
			runOnlyForDeploymentPostprocessing = 0;
		};
/* End PBXResourcesBuildPhase section */

/* Begin PBXShellScriptBuildPhase section */
		35329430EA744E4DBE3818D7 /* Copy Pods Resources */ = {
			isa = PBXShellScriptBuildPhase;
			buildActionMask = 2147483647;
			files = (
			);
			inputPaths = (
			);
			name = "Copy Pods Resources";
			outputPaths = (
			);
			runOnlyForDeploymentPostprocessing = 0;
			shellPath = /bin/sh;
			shellScript = "\"${SRCROOT}/Pods/Pods-resources.sh\"\n";
			showEnvVarsInLog = 0;
		};
		C51DE89934A04EBE9F3482B2 /* Check Pods Manifest.lock */ = {
			isa = PBXShellScriptBuildPhase;
			buildActionMask = 2147483647;
			files = (
			);
			inputPaths = (
			);
			name = "Check Pods Manifest.lock";
			outputPaths = (
			);
			runOnlyForDeploymentPostprocessing = 0;
			shellPath = /bin/sh;
			shellScript = "diff \"${PODS_ROOT}/../Podfile.lock\" \"${PODS_ROOT}/Manifest.lock\" > /dev/null\nif [[ $? != 0 ]] ; then\n    cat << EOM\nerror: The sandbox is not in sync with the Podfile.lock. Run 'pod install' or update your CocoaPods installation.\nEOM\n    exit 1\nfi\n";
			showEnvVarsInLog = 0;
		};
/* End PBXShellScriptBuildPhase section */

/* Begin PBXSourcesBuildPhase section */
		63580F2219C8F56E00740D3E /* Sources */ = {
			isa = PBXSourcesBuildPhase;
			buildActionMask = 2147483647;
			files = (
				63580F6E19C8F66900740D3E /* Venue.m in Sources */,
				63580F6F19C8F66900740D3E /* WorldTravelerModel.xcdatamodeld in Sources */,
				63580F8219C8F91700740D3E /* AFMMRecordResponseSerializer.m in Sources */,
				63580F2F19C8F56E00740D3E /* AppDelegate.m in Sources */,
				63580F6A19C8F66900740D3E /* PPFourSquareSessionManager.m in Sources */,
				63580F6819C8F66900740D3E /* Location.m in Sources */,
				63580F8119C8F91700740D3E /* AFMMRecordResponseSerializationMapper.m in Sources */,
				63580F6919C8F66900740D3E /* Menu.m in Sources */,
				63580F6C19C8F66900740D3E /* PPMapViewController.m in Sources */,
				63580F6B19C8F66900740D3E /* PPListViewController.m in Sources */,
				63580F6619C8F66900740D3E /* Contact.m in Sources */,
				63580F6719C8F66900740D3E /* FSCategory.m in Sources */,
				63580F6D19C8F66900740D3E /* PPRecord.m in Sources */,
				63580F2C19C8F56E00740D3E /* main.m in Sources */,
			);
			runOnlyForDeploymentPostprocessing = 0;
		};
		63580F3B19C8F56E00740D3E /* Sources */ = {
			isa = PBXSourcesBuildPhase;
			buildActionMask = 2147483647;
			files = (
				63580F4619C8F56E00740D3E /* World_TravelerTests.m in Sources */,
			);
			runOnlyForDeploymentPostprocessing = 0;
		};
/* End PBXSourcesBuildPhase section */

/* Begin PBXTargetDependency section */
		63580F4119C8F56E00740D3E /* PBXTargetDependency */ = {
			isa = PBXTargetDependency;
			target = 63580F2519C8F56E00740D3E /* World Traveler */;
			targetProxy = 63580F4019C8F56E00740D3E /* PBXContainerItemProxy */;
		};
/* End PBXTargetDependency section */

/* Begin PBXVariantGroup section */
		63580F3319C8F56E00740D3E /* Main.storyboard */ = {
			isa = PBXVariantGroup;
			children = (
				63580F3419C8F56E00740D3E /* Base */,
			);
			name = Main.storyboard;
			sourceTree = "<group>";
		};
/* End PBXVariantGroup section */

/* Begin XCBuildConfiguration section */
		63580F4719C8F56E00740D3E /* Debug */ = {
			isa = XCBuildConfiguration;
			buildSettings = {
				ALWAYS_SEARCH_USER_PATHS = NO;
				CLANG_CXX_LANGUAGE_STANDARD = "gnu++0x";
				CLANG_CXX_LIBRARY = "libc++";
				CLANG_ENABLE_MODULES = YES;
				CLANG_ENABLE_OBJC_ARC = YES;
				CLANG_WARN_BOOL_CONVERSION = YES;
				CLANG_WARN_CONSTANT_CONVERSION = YES;
				CLANG_WARN_DIRECT_OBJC_ISA_USAGE = YES_ERROR;
				CLANG_WARN_EMPTY_BODY = YES;
				CLANG_WARN_ENUM_CONVERSION = YES;
				CLANG_WARN_INT_CONVERSION = YES;
				CLANG_WARN_OBJC_ROOT_CLASS = YES_ERROR;
				CLANG_WARN_UNREACHABLE_CODE = YES;
				CLANG_WARN__DUPLICATE_METHOD_MATCH = YES;
				"CODE_SIGN_IDENTITY[sdk=iphoneos*]" = "iPhone Developer";
				COPY_PHASE_STRIP = NO;
				ENABLE_STRICT_OBJC_MSGSEND = YES;
				GCC_C_LANGUAGE_STANDARD = gnu99;
				GCC_DYNAMIC_NO_PIC = NO;
				GCC_OPTIMIZATION_LEVEL = 0;
				GCC_PREPROCESSOR_DEFINITIONS = (
					"DEBUG=1",
					"$(inherited)",
				);
				GCC_SYMBOLS_PRIVATE_EXTERN = NO;
				GCC_WARN_64_TO_32_BIT_CONVERSION = YES;
				GCC_WARN_ABOUT_RETURN_TYPE = YES_ERROR;
				GCC_WARN_UNDECLARED_SELECTOR = YES;
				GCC_WARN_UNINITIALIZED_AUTOS = YES_AGGRESSIVE;
				GCC_WARN_UNUSED_FUNCTION = YES;
				GCC_WARN_UNUSED_VARIABLE = YES;
				IPHONEOS_DEPLOYMENT_TARGET = 7.1;
				MTL_ENABLE_DEBUG_INFO = YES;
				ONLY_ACTIVE_ARCH = YES;
				SDKROOT = iphoneos;
			};
			name = Debug;
		};
		63580F4819C8F56E00740D3E /* Release */ = {
			isa = XCBuildConfiguration;
			buildSettings = {
				ALWAYS_SEARCH_USER_PATHS = NO;
				CLANG_CXX_LANGUAGE_STANDARD = "gnu++0x";
				CLANG_CXX_LIBRARY = "libc++";
				CLANG_ENABLE_MODULES = YES;
				CLANG_ENABLE_OBJC_ARC = YES;
				CLANG_WARN_BOOL_CONVERSION = YES;
				CLANG_WARN_CONSTANT_CONVERSION = YES;
				CLANG_WARN_DIRECT_OBJC_ISA_USAGE = YES_ERROR;
				CLANG_WARN_EMPTY_BODY = YES;
				CLANG_WARN_ENUM_CONVERSION = YES;
				CLANG_WARN_INT_CONVERSION = YES;
				CLANG_WARN_OBJC_ROOT_CLASS = YES_ERROR;
				CLANG_WARN_UNREACHABLE_CODE = YES;
				CLANG_WARN__DUPLICATE_METHOD_MATCH = YES;
				"CODE_SIGN_IDENTITY[sdk=iphoneos*]" = "iPhone Developer";
				COPY_PHASE_STRIP = YES;
				ENABLE_NS_ASSERTIONS = NO;
				ENABLE_STRICT_OBJC_MSGSEND = YES;
				GCC_C_LANGUAGE_STANDARD = gnu99;
				GCC_WARN_64_TO_32_BIT_CONVERSION = YES;
				GCC_WARN_ABOUT_RETURN_TYPE = YES_ERROR;
				GCC_WARN_UNDECLARED_SELECTOR = YES;
				GCC_WARN_UNINITIALIZED_AUTOS = YES_AGGRESSIVE;
				GCC_WARN_UNUSED_FUNCTION = YES;
				GCC_WARN_UNUSED_VARIABLE = YES;
				IPHONEOS_DEPLOYMENT_TARGET = 7.1;
				MTL_ENABLE_DEBUG_INFO = NO;
				SDKROOT = iphoneos;
				VALIDATE_PRODUCT = YES;
			};
			name = Release;
		};
		63580F4A19C8F56E00740D3E /* Debug */ = {
			isa = XCBuildConfiguration;
			baseConfigurationReference = 2169560723DA4E03B1EEF328 /* Pods.xcconfig */;
			buildSettings = {
				ASSETCATALOG_COMPILER_APPICON_NAME = AppIcon;
				GCC_PRECOMPILE_PREFIX_HEADER = YES;
				GCC_PREFIX_HEADER = "World Traveler/World Traveler-Prefix.pch";
				INFOPLIST_FILE = "World Traveler/Info.plist";
				LD_RUNPATH_SEARCH_PATHS = "$(inherited) @executable_path/Frameworks";
				PRODUCT_NAME = "$(TARGET_NAME)";
			};
			name = Debug;
		};
		63580F4B19C8F56E00740D3E /* Release */ = {
			isa = XCBuildConfiguration;
			baseConfigurationReference = 2169560723DA4E03B1EEF328 /* Pods.xcconfig */;
			buildSettings = {
				ASSETCATALOG_COMPILER_APPICON_NAME = AppIcon;
				GCC_PRECOMPILE_PREFIX_HEADER = YES;
				GCC_PREFIX_HEADER = "World Traveler/World Traveler-Prefix.pch";
				INFOPLIST_FILE = "World Traveler/Info.plist";
				LD_RUNPATH_SEARCH_PATHS = "$(inherited) @executable_path/Frameworks";
				PRODUCT_NAME = "$(TARGET_NAME)";
			};
			name = Release;
		};
		63580F4D19C8F56E00740D3E /* Debug */ = {
			isa = XCBuildConfiguration;
			buildSettings = {
				BUNDLE_LOADER = "$(TEST_HOST)";
				FRAMEWORK_SEARCH_PATHS = (
					"$(SDKROOT)/Developer/Library/Frameworks",
					"$(inherited)",
				);
				GCC_PREPROCESSOR_DEFINITIONS = (
					"DEBUG=1",
					"$(inherited)",
				);
				INFOPLIST_FILE = "World TravelerTests/Info.plist";
				LD_RUNPATH_SEARCH_PATHS = "$(inherited) @executable_path/Frameworks @loader_path/Frameworks";
				PRODUCT_NAME = "$(TARGET_NAME)";
				TEST_HOST = "$(BUILT_PRODUCTS_DIR)/World Traveler.app/World Traveler";
			};
			name = Debug;
		};
		63580F4E19C8F56E00740D3E /* Release */ = {
			isa = XCBuildConfiguration;
			buildSettings = {
				BUNDLE_LOADER = "$(TEST_HOST)";
				FRAMEWORK_SEARCH_PATHS = (
					"$(SDKROOT)/Developer/Library/Frameworks",
					"$(inherited)",
				);
				INFOPLIST_FILE = "World TravelerTests/Info.plist";
				LD_RUNPATH_SEARCH_PATHS = "$(inherited) @executable_path/Frameworks @loader_path/Frameworks";
				PRODUCT_NAME = "$(TARGET_NAME)";
				TEST_HOST = "$(BUILT_PRODUCTS_DIR)/World Traveler.app/World Traveler";
			};
			name = Release;
		};
/* End XCBuildConfiguration section */

/* Begin XCConfigurationList section */
		63580F2119C8F56E00740D3E /* Build configuration list for PBXProject "World Traveler" */ = {
			isa = XCConfigurationList;
			buildConfigurations = (
				63580F4719C8F56E00740D3E /* Debug */,
				63580F4819C8F56E00740D3E /* Release */,
			);
			defaultConfigurationIsVisible = 0;
			defaultConfigurationName = Release;
		};
		63580F4919C8F56E00740D3E /* Build configuration list for PBXNativeTarget "World Traveler" */ = {
			isa = XCConfigurationList;
			buildConfigurations = (
				63580F4A19C8F56E00740D3E /* Debug */,
				63580F4B19C8F56E00740D3E /* Release */,
			);
			defaultConfigurationIsVisible = 0;
			defaultConfigurationName = Release;
		};
		63580F4C19C8F56E00740D3E /* Build configuration list for PBXNativeTarget "World TravelerTests" */ = {
			isa = XCConfigurationList;
			buildConfigurations = (
				63580F4D19C8F56E00740D3E /* Debug */,
				63580F4E19C8F56E00740D3E /* Release */,
			);
			defaultConfigurationIsVisible = 0;
			defaultConfigurationName = Release;
		};
/* End XCConfigurationList section */

/* Begin XCVersionGroup section */
		63580F6419C8F66900740D3E /* WorldTravelerModel.xcdatamodeld */ = {
			isa = XCVersionGroup;
			children = (
				63580F6519C8F66900740D3E /* WorldTravelerModel.xcdatamodel */,
			);
			currentVersion = 63580F6519C8F66900740D3E /* WorldTravelerModel.xcdatamodel */;
			path = WorldTravelerModel.xcdatamodeld;
			sourceTree = "<group>";
			versionGroupType = wrapper.xcdatamodel;
		};
/* End XCVersionGroup section */
	};
	rootObject = 63580F1E19C8F56E00740D3E /* Project object */;
}
